# THIS IS AN AUTOGENERATED FILE. DO NOT EDIT THIS FILE DIRECTLY.
# yarn lockfile v1


parse-ms@^1.0.0:
  version "1.0.1"
  resolved "https://registry.yarnpkg.com/parse-ms/-/parse-ms-1.0.1.tgz#56346d4749d78f23430ca0c713850aef91aa361d"

pretty-ms@^3.2.0:
  version "3.2.0"
  resolved "https://registry.yarnpkg.com/pretty-ms/-/pretty-ms-3.2.0.tgz#87a8feaf27fc18414d75441467d411d6e6098a25"
  dependencies:
    parse-ms "^1.0.0"
